
Microsoft Visual Studio Solution File, Format Version 12.00
# Visual Studio Version 17
VisualStudioVersion = 17.1.32319.34
MinimumVisualStudioVersion = 10.0.40219.1
Project("{9A19103F-16F7-4668-BE54-9A1E7A4F7556}") = "FBookstore", "FBookstore\FBookstore.csproj", "{35EE9A57-0220-4BF9-950B-C1BF91F66F16}"
EndProject
Global
	GlobalSection(SolutionConfigurationPlatforms) = preSolution
		Debug|Any CPU = Debug|Any CPU
		Release|Any CPU = Release|Any CPU
	EndGlobalSection
	GlobalSection(ProjectConfigurationPlatforms) = postSolution
		{35EE9A57-0220-4BF9-950B-C1BF91F66F16}.Debug|Any CPU.ActiveCfg = Debug|Any CPU
		{35EE9A57-0220-4BF9-950B-C1BF91F66F16}.Debug|Any CPU.Build.0 = Debug|Any CPU
		{35EE9A57-0220-4BF9-950B-C1BF91F66F16}.Release|Any CPU.ActiveCfg = Release|Any CPU
		{35EE9A57-0220-4BF9-950B-C1BF91F66F16}.Release|Any CPU.Build.0 = Release|Any CPU
	EndGlobalSection
	GlobalSection(SolutionProperties) = preSolution
		HideSolutionNode = FALSE
	EndGlobalSection
	GlobalSection(ExtensibilityGlobals) = postSolution
		SolutionGuid = {ED617EA4-03CE-413F-ADA2-8F2FAB86103F}
	EndGlobalSection
EndGlobal
